
Microsoft Visual Studio Solution File, Format Version 12.00
# Visual Studio Version 17
VisualStudioVersion = 17.10.35013.160
MinimumVisualStudioVersion = 10.0.40219.1
Project("{2150E333-8FDC-42A3-9474-1A3956D46DE8}") = "1-Application", "1-Application", "{F497FBF0-C0A5-4F9E-84FB-B466872072E3}"
EndProject
Project("{FAE04EC0-301F-11D3-BF4B-00C04F79EFBC}") = "FurlanetiSolution.Application.CleaningComputer", "1-Application\FurlanetiSolution.Application.CleaningComputer\FurlanetiSolution.Application.CleaningComputer.csproj", "{F00047D1-0BFA-411E-97BD-33B393D88729}"
EndProject
Global
	GlobalSection(SolutionConfigurationPlatforms) = preSolution
		Debug|Any CPU = Debug|Any CPU
		Release|Any CPU = Release|Any CPU
	EndGlobalSection
	GlobalSection(ProjectConfigurationPlatforms) = postSolution
		{F00047D1-0BFA-411E-97BD-33B393D88729}.Debug|Any CPU.ActiveCfg = Debug|Any CPU
		{F00047D1-0BFA-411E-97BD-33B393D88729}.Debug|Any CPU.Build.0 = Debug|Any CPU
		{F00047D1-0BFA-411E-97BD-33B393D88729}.Release|Any CPU.ActiveCfg = Release|Any CPU
		{F00047D1-0BFA-411E-97BD-33B393D88729}.Release|Any CPU.Build.0 = Release|Any CPU
	EndGlobalSection
	GlobalSection(SolutionProperties) = preSolution
		HideSolutionNode = FALSE
	EndGlobalSection
	GlobalSection(NestedProjects) = preSolution
		{F00047D1-0BFA-411E-97BD-33B393D88729} = {F497FBF0-C0A5-4F9E-84FB-B466872072E3}
	EndGlobalSection
	GlobalSection(ExtensibilityGlobals) = postSolution
		SolutionGuid = {5C0AD605-5609-42AA-B08B-6BC55EDDFE1D}
	EndGlobalSection
EndGlobal
